
Microsoft Visual Studio Solution File, Format Version 12.00
# Visual Studio 15
VisualStudioVersion = 15.0.27428.2011
MinimumVisualStudioVersion = 10.0.40219.1
Project("{FAE04EC0-301F-11D3-BF4B-00C04F79EFBC}") = "Kheech.Web", "Kheech.Web\Kheech.Web.csproj", "{9AF36B55-7840-4A5B-BCEC-43472FE8177C}"
EndProject
Global
	GlobalSection(SolutionConfigurationPlatforms) = preSolution
		Debug|Any CPU = Debug|Any CPU
		Release|Any CPU = Release|Any CPU
	EndGlobalSection
	GlobalSection(ProjectConfigurationPlatforms) = postSolution
		{9AF36B55-7840-4A5B-BCEC-43472FE8177C}.Debug|Any CPU.ActiveCfg = Debug|Any CPU
		{9AF36B55-7840-4A5B-BCEC-43472FE8177C}.Debug|Any CPU.Build.0 = Debug|Any CPU
		{9AF36B55-7840-4A5B-BCEC-43472FE8177C}.Release|Any CPU.ActiveCfg = Release|Any CPU
		{9AF36B55-7840-4A5B-BCEC-43472FE8177C}.Release|Any CPU.Build.0 = Release|Any CPU
	EndGlobalSection
	GlobalSection(SolutionProperties) = preSolution
		HideSolutionNode = FALSE
	EndGlobalSection
	GlobalSection(ExtensibilityGlobals) = postSolution
		SolutionGuid = {C0F6F98C-9444-4779-B4E4-1B6B012F3DF1}
	EndGlobalSection
EndGlobal
